
Microsoft Visual Studio Solution File, Format Version 12.00
# Visual Studio Version 17
VisualStudioVersion = 17.7.34031.279
MinimumVisualStudioVersion = 10.0.40219.1
Project("{FAE04EC0-301F-11D3-BF4B-00C04F79EFBC}") = "AoC2021 P01", "AoC2021\AoC2021 P01.csproj", "{374C7F7D-BD59-4533-9ED9-51557A354667}"
EndProject
Project("{FAE04EC0-301F-11D3-BF4B-00C04F79EFBC}") = "AoC2021 P02", "AoC2021 P02\AoC2021 P02.csproj", "{3C169314-E9F7-447C-AF54-E8F9367E1C12}"
EndProject
Project("{FAE04EC0-301F-11D3-BF4B-00C04F79EFBC}") = "AoC2021 P03", "AoC2021 P03\AoC2021 P03.csproj", "{1BC278B3-5771-49C8-A505-320056012113}"
EndProject
Project("{FAE04EC0-301F-11D3-BF4B-00C04F79EFBC}") = "AoC2021 P04", "AoC2021 P04\AoC2021 P04.csproj", "{F4D740C1-B292-442F-8A2C-482FA04C254E}"
EndProject
Project("{FAE04EC0-301F-11D3-BF4B-00C04F79EFBC}") = "AoC2021 P05", "AoC2021 P05\AoC2021 P05.csproj", "{63309449-3579-4581-A185-E8D5A61A2160}"
EndProject
Project("{FAE04EC0-301F-11D3-BF4B-00C04F79EFBC}") = "AoC2021 P06", "AoC 2021 P06\AoC2021 P06.csproj", "{7D00E4E3-1EE4-4D80-BFA5-7780995BA7CC}"
EndProject
Project("{FAE04EC0-301F-11D3-BF4B-00C04F79EFBC}") = "AoC2021 P07", "AoC2021 P07\AoC2021 P07.csproj", "{D7445DE3-A700-496D-AE12-2ED0409B7502}"
EndProject
Project("{FAE04EC0-301F-11D3-BF4B-00C04F79EFBC}") = "AoC2021 P08", "AoC2021 P08\AoC2021 P08.csproj", "{A21BEFCB-9406-4C2B-A079-F361A190551F}"
EndProject
Project("{FAE04EC0-301F-11D3-BF4B-00C04F79EFBC}") = "AoC2021 P09", "AoC P09\AoC2021 P09.csproj", "{E14B8069-6E27-457C-8808-8D4513BB5967}"
EndProject
Project("{FAE04EC0-301F-11D3-BF4B-00C04F79EFBC}") = "AoC2021 P10", "AoC2021 P10\AoC2021 P10.csproj", "{CB77F78A-CAAE-4600-B041-6E5C03612660}"
EndProject
Project("{FAE04EC0-301F-11D3-BF4B-00C04F79EFBC}") = "AoC2021 P11", "AoC2021 P11\AoC2021 P11.csproj", "{D860DDF4-D0DE-4FF5-962C-3216E80863B1}"
EndProject
Project("{FAE04EC0-301F-11D3-BF4B-00C04F79EFBC}") = "AoC2021 P12", "AoC2021 P12\AoC2021 P12.csproj", "{1D5F6EAF-C149-4BDC-9C89-29414EB6B983}"
EndProject
Project("{FAE04EC0-301F-11D3-BF4B-00C04F79EFBC}") = "AoC2021 P13", "AoC2021 P13\AoC2021 P13.csproj", "{014C9029-4DB0-48BB-9C0C-F849CB0B8EC3}"
EndProject
Project("{FAE04EC0-301F-11D3-BF4B-00C04F79EFBC}") = "AoC2021 P14", "AoC2021 P14\AoC2021 P14.csproj", "{A45B6541-F8CB-403C-823E-0EFFD43BE524}"
EndProject
Project("{FAE04EC0-301F-11D3-BF4B-00C04F79EFBC}") = "AoC2021 P15", "AoC2021 P15\AoC2021 P15.csproj", "{F941F63D-8A12-4461-A2D9-40A713AC057E}"
EndProject
Project("{FAE04EC0-301F-11D3-BF4B-00C04F79EFBC}") = "AoC2021 P16", "AoC2021 P16\AoC2021 P16.csproj", "{1874A061-D336-46D3-A9DA-0A8FAE382AC9}"
EndProject
Project("{FAE04EC0-301F-11D3-BF4B-00C04F79EFBC}") = "AoC2021 P17", "AoC2021 P17\AoC2021 P17.csproj", "{49058A35-78FA-43A6-AB20-EF41E57080DC}"
EndProject
Project("{FAE04EC0-301F-11D3-BF4B-00C04F79EFBC}") = "AoC2021 P18", "AoC2021 P18\AoC2021 P18.csproj", "{3D157DC6-3D81-40CE-960D-4F23333967AB}"
EndProject
Global
	GlobalSection(SolutionConfigurationPlatforms) = preSolution
		Debug|Any CPU = Debug|Any CPU
		Release|Any CPU = Release|Any CPU
	EndGlobalSection
	GlobalSection(ProjectConfigurationPlatforms) = postSolution
		{374C7F7D-BD59-4533-9ED9-51557A354667}.Debug|Any CPU.ActiveCfg = Debug|Any CPU
		{374C7F7D-BD59-4533-9ED9-51557A354667}.Debug|Any CPU.Build.0 = Debug|Any CPU
		{374C7F7D-BD59-4533-9ED9-51557A354667}.Release|Any CPU.ActiveCfg = Release|Any CPU
		{374C7F7D-BD59-4533-9ED9-51557A354667}.Release|Any CPU.Build.0 = Release|Any CPU
		{3C169314-E9F7-447C-AF54-E8F9367E1C12}.Debug|Any CPU.ActiveCfg = Debug|Any CPU
		{3C169314-E9F7-447C-AF54-E8F9367E1C12}.Debug|Any CPU.Build.0 = Debug|Any CPU
		{3C169314-E9F7-447C-AF54-E8F9367E1C12}.Release|Any CPU.ActiveCfg = Release|Any CPU
		{3C169314-E9F7-447C-AF54-E8F9367E1C12}.Release|Any CPU.Build.0 = Release|Any CPU
		{1BC278B3-5771-49C8-A505-320056012113}.Debug|Any CPU.ActiveCfg = Debug|Any CPU
		{1BC278B3-5771-49C8-A505-320056012113}.Debug|Any CPU.Build.0 = Debug|Any CPU
		{1BC278B3-5771-49C8-A505-320056012113}.Release|Any CPU.ActiveCfg = Release|Any CPU
		{1BC278B3-5771-49C8-A505-320056012113}.Release|Any CPU.Build.0 = Release|Any CPU
		{F4D740C1-B292-442F-8A2C-482FA04C254E}.Debug|Any CPU.ActiveCfg = Debug|Any CPU
		{F4D740C1-B292-442F-8A2C-482FA04C254E}.Debug|Any CPU.Build.0 = Debug|Any CPU
		{F4D740C1-B292-442F-8A2C-482FA04C254E}.Release|Any CPU.ActiveCfg = Release|Any CPU
		{F4D740C1-B292-442F-8A2C-482FA04C254E}.Release|Any CPU.Build.0 = Release|Any CPU
		{63309449-3579-4581-A185-E8D5A61A2160}.Debug|Any CPU.ActiveCfg = Debug|Any CPU
		{63309449-3579-4581-A185-E8D5A61A2160}.Debug|Any CPU.Build.0 = Debug|Any CPU
		{63309449-3579-4581-A185-E8D5A61A2160}.Release|Any CPU.ActiveCfg = Release|Any CPU
		{63309449-3579-4581-A185-E8D5A61A2160}.Release|Any CPU.Build.0 = Release|Any CPU
		{7D00E4E3-1EE4-4D80-BFA5-7780995BA7CC}.Debug|Any CPU.ActiveCfg = Debug|Any CPU
		{7D00E4E3-1EE4-4D80-BFA5-7780995BA7CC}.Debug|Any CPU.Build.0 = Debug|Any CPU
		{7D00E4E3-1EE4-4D80-BFA5-7780995BA7CC}.Release|Any CPU.ActiveCfg = Release|Any CPU
		{7D00E4E3-1EE4-4D80-BFA5-7780995BA7CC}.Release|Any CPU.Build.0 = Release|Any CPU
		{D7445DE3-A700-496D-AE12-2ED0409B7502}.Debug|Any CPU.ActiveCfg = Debug|Any CPU
		{D7445DE3-A700-496D-AE12-2ED0409B7502}.Debug|Any CPU.Build.0 = Debug|Any CPU
		{D7445DE3-A700-496D-AE12-2ED0409B7502}.Release|Any CPU.ActiveCfg = Release|Any CPU
		{D7445DE3-A700-496D-AE12-2ED0409B7502}.Release|Any CPU.Build.0 = Release|Any CPU
		{A21BEFCB-9406-4C2B-A079-F361A190551F}.Debug|Any CPU.ActiveCfg = Debug|Any CPU
		{A21BEFCB-9406-4C2B-A079-F361A190551F}.Debug|Any CPU.Build.0 = Debug|Any CPU
		{A21BEFCB-9406-4C2B-A079-F361A190551F}.Release|Any CPU.ActiveCfg = Release|Any CPU
		{A21BEFCB-9406-4C2B-A079-F361A190551F}.Release|Any CPU.Build.0 = Release|Any CPU
		{E14B8069-6E27-457C-8808-8D4513BB5967}.Debug|Any CPU.ActiveCfg = Debug|Any CPU
		{E14B8069-6E27-457C-8808-8D4513BB5967}.Debug|Any CPU.Build.0 = Debug|Any CPU
		{E14B8069-6E27-457C-8808-8D4513BB5967}.Release|Any CPU.ActiveCfg = Release|Any CPU
		{E14B8069-6E27-457C-8808-8D4513BB5967}.Release|Any CPU.Build.0 = Release|Any CPU
		{CB77F78A-CAAE-4600-B041-6E5C03612660}.Debug|Any CPU.ActiveCfg = Debug|Any CPU
		{CB77F78A-CAAE-4600-B041-6E5C03612660}.Debug|Any CPU.Build.0 = Debug|Any CPU
		{CB77F78A-CAAE-4600-B041-6E5C03612660}.Release|Any CPU.ActiveCfg = Release|Any CPU
		{CB77F78A-CAAE-4600-B041-6E5C03612660}.Release|Any CPU.Build.0 = Release|Any CPU
		{D860DDF4-D0DE-4FF5-962C-3216E80863B1}.Debug|Any CPU.ActiveCfg = Debug|Any CPU
		{D860DDF4-D0DE-4FF5-962C-3216E80863B1}.Debug|Any CPU.Build.0 = Debug|Any CPU
		{D860DDF4-D0DE-4FF5-962C-3216E80863B1}.Release|Any CPU.ActiveCfg = Release|Any CPU
		{D860DDF4-D0DE-4FF5-962C-3216E80863B1}.Release|Any CPU.Build.0 = Release|Any CPU
		{1D5F6EAF-C149-4BDC-9C89-29414EB6B983}.Debug|Any CPU.ActiveCfg = Debug|Any CPU
		{1D5F6EAF-C149-4BDC-9C89-29414EB6B983}.Debug|Any CPU.Build.0 = Debug|Any CPU
		{1D5F6EAF-C149-4BDC-9C89-29414EB6B983}.Release|Any CPU.ActiveCfg = Release|Any CPU
		{1D5F6EAF-C149-4BDC-9C89-29414EB6B983}.Release|Any CPU.Build.0 = Release|Any CPU
		{014C9029-4DB0-48BB-9C0C-F849CB0B8EC3}.Debug|Any CPU.ActiveCfg = Debug|Any CPU
		{014C9029-4DB0-48BB-9C0C-F849CB0B8EC3}.Debug|Any CPU.Build.0 = Debug|Any CPU
		{014C9029-4DB0-48BB-9C0C-F849CB0B8EC3}.Release|Any CPU.ActiveCfg = Release|Any CPU
		{014C9029-4DB0-48BB-9C0C-F849CB0B8EC3}.Release|Any CPU.Build.0 = Release|Any CPU
		{A45B6541-F8CB-403C-823E-0EFFD43BE524}.Debug|Any CPU.ActiveCfg = Debug|Any CPU
		{A45B6541-F8CB-403C-823E-0EFFD43BE524}.Debug|Any CPU.Build.0 = Debug|Any CPU
		{A45B6541-F8CB-403C-823E-0EFFD43BE524}.Release|Any CPU.ActiveCfg = Release|Any CPU
		{A45B6541-F8CB-403C-823E-0EFFD43BE524}.Release|Any CPU.Build.0 = Release|Any CPU
		{F941F63D-8A12-4461-A2D9-40A713AC057E}.Debug|Any CPU.ActiveCfg = Debug|Any CPU
		{F941F63D-8A12-4461-A2D9-40A713AC057E}.Debug|Any CPU.Build.0 = Debug|Any CPU
		{F941F63D-8A12-4461-A2D9-40A713AC057E}.Release|Any CPU.ActiveCfg = Release|Any CPU
		{F941F63D-8A12-4461-A2D9-40A713AC057E}.Release|Any CPU.Build.0 = Release|Any CPU
		{1874A061-D336-46D3-A9DA-0A8FAE382AC9}.Debug|Any CPU.ActiveCfg = Debug|Any CPU
		{1874A061-D336-46D3-A9DA-0A8FAE382AC9}.Debug|Any CPU.Build.0 = Debug|Any CPU
		{1874A061-D336-46D3-A9DA-0A8FAE382AC9}.Release|Any CPU.ActiveCfg = Release|Any CPU
		{1874A061-D336-46D3-A9DA-0A8FAE382AC9}.Release|Any CPU.Build.0 = Release|Any CPU
		{49058A35-78FA-43A6-AB20-EF41E57080DC}.Debug|Any CPU.ActiveCfg = Debug|Any CPU
		{49058A35-78FA-43A6-AB20-EF41E57080DC}.Debug|Any CPU.Build.0 = Debug|Any CPU
		{49058A35-78FA-43A6-AB20-EF41E57080DC}.Release|Any CPU.ActiveCfg = Release|Any CPU
		{49058A35-78FA-43A6-AB20-EF41E57080DC}.Release|Any CPU.Build.0 = Release|Any CPU
		{3D157DC6-3D81-40CE-960D-4F23333967AB}.Debug|Any CPU.ActiveCfg = Debug|Any CPU
		{3D157DC6-3D81-40CE-960D-4F23333967AB}.Debug|Any CPU.Build.0 = Debug|Any CPU
		{3D157DC6-3D81-40CE-960D-4F23333967AB}.Release|Any CPU.ActiveCfg = Release|Any CPU
		{3D157DC6-3D81-40CE-960D-4F23333967AB}.Release|Any CPU.Build.0 = Release|Any CPU
	EndGlobalSection
	GlobalSection(SolutionProperties) = preSolution
		HideSolutionNode = FALSE
	EndGlobalSection
	GlobalSection(ExtensibilityGlobals) = postSolution
		SolutionGuid = {E8E5E0F1-8FA9-414D-98F1-105895E924D3}
	EndGlobalSection
EndGlobal
